// !$*UTF8*$!
{
	archiveVersion = 1;
	classes = {
	};
	objectVersion = 55;
	objects = {

/* Begin PBXBuildFile section */
		C42778B828609FC9000C6ABF /* Developer_Cards_SwiftUIApp.swift in Sources */ = {isa = PBXBuildFile; fileRef = C42778B728609FC9000C6ABF /* Developer_Cards_SwiftUIApp.swift */; };
		C42778BA28609FC9000C6ABF /* ContentView.swift in Sources */ = {isa = PBXBuildFile; fileRef = C42778B928609FC9000C6ABF /* ContentView.swift */; };
		C42778BC28609FCD000C6ABF /* Assets.xcassets in Resources */ = {isa = PBXBuildFile; fileRef = C42778BB28609FCD000C6ABF /* Assets.xcassets */; };
		C42778BF28609FCD000C6ABF /* Preview Assets.xcassets in Resources */ = {isa = PBXBuildFile; fileRef = C42778BE28609FCD000C6ABF /* Preview Assets.xcassets */; };
		C42778C92860A3C8000C6ABF /* CardView.swift in Sources */ = {isa = PBXBuildFile; fileRef = C42778C82860A3C8000C6ABF /* CardView.swift */; };
		C42778CC2860ACB3000C6ABF /* CardModel.swift in Sources */ = {isa = PBXBuildFile; fileRef = C42778CB2860ACB3000C6ABF /* CardModel.swift */; };
		C42778CF2860AD66000C6ABF /* CardData.swift in Sources */ = {isa = PBXBuildFile; fileRef = C42778CE2860AD66000C6ABF /* CardData.swift */; };
		C42778D12860AFF8000C6ABF /* sound-chime.mp3 in Resources */ = {isa = PBXBuildFile; fileRef = C42778D02860AFF8000C6ABF /* sound-chime.mp3 */; };
		C42778D52860B03D000C6ABF /* PlaySound.swift in Sources */ = {isa = PBXBuildFile; fileRef = C42778D42860B03D000C6ABF /* PlaySound.swift */; };
		C42778DB2860BCD7000C6ABF /* Stickers.xcassets in Resources */ = {isa = PBXBuildFile; fileRef = C42778DA2860BCD7000C6ABF /* Stickers.xcassets */; };
		C42778DF2860BCD7000C6ABF /* stickers.appex in Embed App Extensions */ = {isa = PBXBuildFile; fileRef = C42778D82860BCD6000C6ABF /* stickers.appex */; settings = {ATTRIBUTES = (RemoveHeadersOnCopy, ); }; };
/* End PBXBuildFile section */

/* Begin PBXContainerItemProxy section */
		C42778DD2860BCD7000C6ABF /* PBXContainerItemProxy */ = {
			isa = PBXContainerItemProxy;
			containerPortal = C42778AC28609FC9000C6ABF /* Project object */;
			proxyType = 1;
			remoteGlobalIDString = C42778D72860BCD6000C6ABF;
			remoteInfo = stickers;
		};
/* End PBXContainerItemProxy section */

/* Begin PBXCopyFilesBuildPhase section */
		C42778E32860BCD7000C6ABF /* Embed App Extensions */ = {
			isa = PBXCopyFilesBuildPhase;
			buildActionMask = 2147483647;
			dstPath = "";
			dstSubfolderSpec = 13;
			files = (
				C42778DF2860BCD7000C6ABF /* stickers.appex in Embed App Extensions */,
			);
			name = "Embed App Extensions";
			runOnlyForDeploymentPostprocessing = 0;
		};
/* End PBXCopyFilesBuildPhase section */

/* Begin PBXFileReference section */
		C42778B428609FC9000C6ABF /* Developer-Cards-SwiftUI.app */ = {isa = PBXFileReference; explicitFileType = wrapper.application; includeInIndex = 0; path = "Developer-Cards-SwiftUI.app"; sourceTree = BUILT_PRODUCTS_DIR; };
		C42778B728609FC9000C6ABF /* Developer_Cards_SwiftUIApp.swift */ = {isa = PBXFileReference; lastKnownFileType = sourcecode.swift; path = Developer_Cards_SwiftUIApp.swift; sourceTree = "<group>"; };
		C42778B928609FC9000C6ABF /* ContentView.swift */ = {isa = PBXFileReference; lastKnownFileType = sourcecode.swift; path = ContentView.swift; sourceTree = "<group>"; };
		C42778BB28609FCD000C6ABF /* Assets.xcassets */ = {isa = PBXFileReference; lastKnownFileType = folder.assetcatalog; path = Assets.xcassets; sourceTree = "<group>"; };
		C42778BE28609FCD000C6ABF /* Preview Assets.xcassets */ = {isa = PBXFileReference; lastKnownFileType = folder.assetcatalog; path = "Preview Assets.xcassets"; sourceTree = "<group>"; };
		C42778C52860A29F000C6ABF /* Info.plist */ = {isa = PBXFileReference; lastKnownFileType = text.plist; path = Info.plist; sourceTree = "<group>"; };
		C42778C82860A3C8000C6ABF /* CardView.swift */ = {isa = PBXFileReference; lastKnownFileType = sourcecode.swift; path = CardView.swift; sourceTree = "<group>"; };
		C42778CB2860ACB3000C6ABF /* CardModel.swift */ = {isa = PBXFileReference; lastKnownFileType = sourcecode.swift; path = CardModel.swift; sourceTree = "<group>"; };
		C42778CE2860AD66000C6ABF /* CardData.swift */ = {isa = PBXFileReference; lastKnownFileType = sourcecode.swift; path = CardData.swift; sourceTree = "<group>"; };
		C42778D02860AFF8000C6ABF /* sound-chime.mp3 */ = {isa = PBXFileReference; lastKnownFileType = audio.mp3; path = "sound-chime.mp3"; sourceTree = "<group>"; };
		C42778D42860B03D000C6ABF /* PlaySound.swift */ = {isa = PBXFileReference; lastKnownFileType = sourcecode.swift; path = PlaySound.swift; sourceTree = "<group>"; };
		C42778D82860BCD6000C6ABF /* stickers.appex */ = {isa = PBXFileReference; explicitFileType = "wrapper.app-extension"; includeInIndex = 0; path = stickers.appex; sourceTree = BUILT_PRODUCTS_DIR; };
		C42778DA2860BCD7000C6ABF /* Stickers.xcassets */ = {isa = PBXFileReference; lastKnownFileType = folder.assetcatalog; path = Stickers.xcassets; sourceTree = "<group>"; };
		C42778DC2860BCD7000C6ABF /* Info.plist */ = {isa = PBXFileReference; lastKnownFileType = text.plist.xml; path = Info.plist; sourceTree = "<group>"; };
/* End PBXFileReference section */

/* Begin PBXFrameworksBuildPhase section */
		C42778B128609FC9000C6ABF /* Frameworks */ = {
			isa = PBXFrameworksBuildPhase;
			buildActionMask = 2147483647;
			files = (
			);
			runOnlyForDeploymentPostprocessing = 0;
		};
/* End PBXFrameworksBuildPhase section */

/* Begin PBXGroup section */
		C42778AB28609FC9000C6ABF = {
			isa = PBXGroup;
			children = (
				C42778B628609FC9000C6ABF /* Developer-Cards-SwiftUI */,
				C42778D92860BCD6000C6ABF /* stickers */,
				C42778B528609FC9000C6ABF /* Products */,
			);
			sourceTree = "<group>";
		};
		C42778B528609FC9000C6ABF /* Products */ = {
			isa = PBXGroup;
			children = (
				C42778B428609FC9000C6ABF /* Developer-Cards-SwiftUI.app */,
				C42778D82860BCD6000C6ABF /* stickers.appex */,
			);
			name = Products;
			sourceTree = "<group>";
		};
		C42778B628609FC9000C6ABF /* Developer-Cards-SwiftUI */ = {
			isa = PBXGroup;
			children = (
				C42778C62860A3AC000C6ABF /* App */,
				C42778C72860A3BA000C6ABF /* View */,
				C42778CA2860ACA6000C6ABF /* Model */,
				C42778CD2860AD59000C6ABF /* Data */,
				C42778D32860B010000C6ABF /* Utillity */,
				C42778D22860AFFF000C6ABF /* Sound */,
				C42778C52860A29F000C6ABF /* Info.plist */,
				C42778BB28609FCD000C6ABF /* Assets.xcassets */,
				C42778BD28609FCD000C6ABF /* Preview Content */,
			);
			path = "Developer-Cards-SwiftUI";
			sourceTree = "<group>";
		};
		C42778BD28609FCD000C6ABF /* Preview Content */ = {
			isa = PBXGroup;
			children = (
				C42778BE28609FCD000C6ABF /* Preview Assets.xcassets */,
			);
			path = "Preview Content";
			sourceTree = "<group>";
		};
		C42778C62860A3AC000C6ABF /* App */ = {
			isa = PBXGroup;
			children = (
				C42778B728609FC9000C6ABF /* Developer_Cards_SwiftUIApp.swift */,
				C42778B928609FC9000C6ABF /* ContentView.swift */,
			);
			path = App;
			sourceTree = "<group>";
		};
		C42778C72860A3BA000C6ABF /* View */ = {
			isa = PBXGroup;
			children = (
				C42778C82860A3C8000C6ABF /* CardView.swift */,
			);
			path = View;
			sourceTree = "<group>";
		};
		C42778CA2860ACA6000C6ABF /* Model */ = {
			isa = PBXGroup;
			children = (
				C42778CB2860ACB3000C6ABF /* CardModel.swift */,
			);
			path = Model;
			sourceTree = "<group>";
		};
		C42778CD2860AD59000C6ABF /* Data */ = {
			isa = PBXGroup;
			children = (
				C42778CE2860AD66000C6ABF /* CardData.swift */,
			);
			path = Data;
			sourceTree = "<group>";
		};
		C42778D22860AFFF000C6ABF /* Sound */ = {
			isa = PBXGroup;
			children = (
				C42778D02860AFF8000C6ABF /* sound-chime.mp3 */,
			);
			path = Sound;
			sourceTree = "<group>";
		};
		C42778D32860B010000C6ABF /* Utillity */ = {
			isa = PBXGroup;
			children = (
				C42778D42860B03D000C6ABF /* PlaySound.swift */,
			);
			path = Utillity;
			sourceTree = "<group>";
		};
		C42778D92860BCD6000C6ABF /* stickers */ = {
			isa = PBXGroup;
			children = (
				C42778DA2860BCD7000C6ABF /* Stickers.xcassets */,
				C42778DC2860BCD7000C6ABF /* Info.plist */,
			);
			path = stickers;
			sourceTree = "<group>";
		};
/* End PBXGroup section */

/* Begin PBXNativeTarget section */
		C42778B328609FC9000C6ABF /* Developer-Cards-SwiftUI */ = {
			isa = PBXNativeTarget;
			buildConfigurationList = C42778C228609FCD000C6ABF /* Build configuration list for PBXNativeTarget "Developer-Cards-SwiftUI" */;
			buildPhases = (
				C42778B028609FC9000C6ABF /* Sources */,
				C42778B128609FC9000C6ABF /* Frameworks */,
				C42778B228609FC9000C6ABF /* Resources */,
				C42778E32860BCD7000C6ABF /* Embed App Extensions */,
			);
			buildRules = (
			);
			dependencies = (
				C42778DE2860BCD7000C6ABF /* PBXTargetDependency */,
			);
			name = "Developer-Cards-SwiftUI";
			productName = "Developer-Cards-SwiftUI";
			productReference = C42778B428609FC9000C6ABF /* Developer-Cards-SwiftUI.app */;
			productType = "com.apple.product-type.application";
		};
		C42778D72860BCD6000C6ABF /* stickers */ = {
			isa = PBXNativeTarget;
			buildConfigurationList = C42778E02860BCD7000C6ABF /* Build configuration list for PBXNativeTarget "stickers" */;
			buildPhases = (
				C42778D62860BCD6000C6ABF /* Resources */,
			);
			buildRules = (
			);
			dependencies = (
			);
			name = stickers;
			productName = stickers;
			productReference = C42778D82860BCD6000C6ABF /* stickers.appex */;
			productType = "com.apple.product-type.app-extension.messages-sticker-pack";
		};
/* End PBXNativeTarget section */

/* Begin PBXProject section */
		C42778AC28609FC9000C6ABF /* Project object */ = {
			isa = PBXProject;
			attributes = {
				BuildIndependentTargetsInParallel = 1;
				LastSwiftUpdateCheck = 1340;
				LastUpgradeCheck = 1340;
				TargetAttributes = {
					C42778B328609FC9000C6ABF = {
						CreatedOnToolsVersion = 13.4.1;
					};
					C42778D72860BCD6000C6ABF = {
						CreatedOnToolsVersion = 13.4.1;
					};
				};
			};
			buildConfigurationList = C42778AF28609FC9000C6ABF /* Build configuration list for PBXProject "Developer-Cards-SwiftUI" */;
			compatibilityVersion = "Xcode 13.0";
			developmentRegion = en;
			hasScannedForEncodings = 0;
			knownRegions = (
				en,
				Base,
			);
			mainGroup = C42778AB28609FC9000C6ABF;
			productRefGroup = C42778B528609FC9000C6ABF /* Products */;
			projectDirPath = "";
			projectRoot = "";
			targets = (
				C42778B328609FC9000C6ABF /* Developer-Cards-SwiftUI */,
				C42778D72860BCD6000C6ABF /* stickers */,
			);
		};
/* End PBXProject section */

/* Begin PBXResourcesBuildPhase section */
		C42778B228609FC9000C6ABF /* Resources */ = {
			isa = PBXResourcesBuildPhase;
			buildActionMask = 2147483647;
			files = (
				C42778BF28609FCD000C6ABF /* Preview Assets.xcassets in Resources */,
				C42778D12860AFF8000C6ABF /* sound-chime.mp3 in Resources */,
				C42778BC28609FCD000C6ABF /* Assets.xcassets in Resources */,
			);
			runOnlyForDeploymentPostprocessing = 0;
		};
		C42778D62860BCD6000C6ABF /* Resources */ = {
			isa = PBXResourcesBuildPhase;
			buildActionMask = 2147483647;
			files = (
				C42778DB2860BCD7000C6ABF /* Stickers.xcassets in Resources */,
			);
			runOnlyForDeploymentPostprocessing = 0;
		};
/* End PBXResourcesBuildPhase section */

/* Begin PBXSourcesBuildPhase section */
		C42778B028609FC9000C6ABF /* Sources */ = {
			isa = PBXSourcesBuildPhase;
			buildActionMask = 2147483647;
			files = (
				C42778CF2860AD66000C6ABF /* CardData.swift in Sources */,
				C42778D52860B03D000C6ABF /* PlaySound.swift in Sources */,
				C42778BA28609FC9000C6ABF /* ContentView.swift in Sources */,
				C42778CC2860ACB3000C6ABF /* CardModel.swift in Sources */,
				C42778C92860A3C8000C6ABF /* CardView.swift in Sources */,
				C42778B828609FC9000C6ABF /* Developer_Cards_SwiftUIApp.swift in Sources */,
			);
			runOnlyForDeploymentPostprocessing = 0;
		};
/* End PBXSourcesBuildPhase section */

/* Begin PBXTargetDependency section */
		C42778DE2860BCD7000C6ABF /* PBXTargetDependency */ = {
			isa = PBXTargetDependency;
			target = C42778D72860BCD6000C6ABF /* stickers */;
			targetProxy = C42778DD2860BCD7000C6ABF /* PBXContainerItemProxy */;
		};
/* End PBXTargetDependency section */

/* Begin XCBuildConfiguration section */
		C42778C028609FCD000C6ABF /* Debug */ = {
			isa = XCBuildConfiguration;
			buildSettings = {
				ALWAYS_SEARCH_USER_PATHS = NO;
				CLANG_ANALYZER_NONNULL = YES;
				CLANG_ANALYZER_NUMBER_OBJECT_CONVERSION = YES_AGGRESSIVE;
				CLANG_CXX_LANGUAGE_STANDARD = "gnu++17";
				CLANG_ENABLE_MODULES = YES;
				CLANG_ENABLE_OBJC_ARC = YES;
				CLANG_ENABLE_OBJC_WEAK = YES;
				CLANG_WARN_BLOCK_CAPTURE_AUTORELEASING = YES;
				CLANG_WARN_BOOL_CONVERSION = YES;
				CLANG_WARN_COMMA = YES;
				CLANG_WARN_CONSTANT_CONVERSION = YES;
				CLANG_WARN_DEPRECATED_OBJC_IMPLEMENTATIONS = YES;
				CLANG_WARN_DIRECT_OBJC_ISA_USAGE = YES_ERROR;
				CLANG_WARN_DOCUMENTATION_COMMENTS = YES;
				CLANG_WARN_EMPTY_BODY = YES;
				CLANG_WARN_ENUM_CONVERSION = YES;
				CLANG_WARN_INFINITE_RECURSION = YES;
				CLANG_WARN_INT_CONVERSION = YES;
				CLANG_WARN_NON_LITERAL_NULL_CONVERSION = YES;
				CLANG_WARN_OBJC_IMPLICIT_RETAIN_SELF = YES;
				CLANG_WARN_OBJC_LITERAL_CONVERSION = YES;
				CLANG_WARN_OBJC_ROOT_CLASS = YES_ERROR;
				CLANG_WARN_QUOTED_INCLUDE_IN_FRAMEWORK_HEADER = YES;
				CLANG_WARN_RANGE_LOOP_ANALYSIS = YES;
				CLANG_WARN_STRICT_PROTOTYPES = YES;
				CLANG_WARN_SUSPICIOUS_MOVE = YES;
				CLANG_WARN_UNGUARDED_AVAILABILITY = YES_AGGRESSIVE;
				CLANG_WARN_UNREACHABLE_CODE = YES;
				CLANG_WARN__DUPLICATE_METHOD_MATCH = YES;
				COPY_PHASE_STRIP = NO;
				DEBUG_INFORMATION_FORMAT = dwarf;
				ENABLE_STRICT_OBJC_MSGSEND = YES;
				ENABLE_TESTABILITY = YES;
				GCC_C_LANGUAGE_STANDARD = gnu11;
				GCC_DYNAMIC_NO_PIC = NO;
				GCC_NO_COMMON_BLOCKS = YES;
				GCC_OPTIMIZATION_LEVEL = 0;
				GCC_PREPROCESSOR_DEFINITIONS = (
					"DEBUG=1",
					"$(inherited)",
				);
				GCC_WARN_64_TO_32_BIT_CONVERSION = YES;
				GCC_WARN_ABOUT_RETURN_TYPE = YES_ERROR;
				GCC_WARN_UNDECLARED_SELECTOR = YES;
				GCC_WARN_UNINITIALIZED_AUTOS = YES_AGGRESSIVE;
				GCC_WARN_UNUSED_FUNCTION = YES;
				GCC_WARN_UNUSED_VARIABLE = YES;
				IPHONEOS_DEPLOYMENT_TARGET = 15.5;
				MTL_ENABLE_DEBUG_INFO = INCLUDE_SOURCE;
				MTL_FAST_MATH = YES;
				ONLY_ACTIVE_ARCH = YES;
				SDKROOT = iphoneos;
				SWIFT_ACTIVE_COMPILATION_CONDITIONS = DEBUG;
				SWIFT_OPTIMIZATION_LEVEL = "-Onone";
			};
			name = Debug;
		};
		C42778C128609FCD000C6ABF /* Release */ = {
			isa = XCBuildConfiguration;
			buildSettings = {
				ALWAYS_SEARCH_USER_PATHS = NO;
				CLANG_ANALYZER_NONNULL = YES;
				CLANG_ANALYZER_NUMBER_OBJECT_CONVERSION = YES_AGGRESSIVE;
				CLANG_CXX_LANGUAGE_STANDARD = "gnu++17";
				CLANG_ENABLE_MODULES = YES;
				CLANG_ENABLE_OBJC_ARC = YES;
				CLANG_ENABLE_OBJC_WEAK = YES;
				CLANG_WARN_BLOCK_CAPTURE_AUTORELEASING = YES;
				CLANG_WARN_BOOL_CONVERSION = YES;
				CLANG_WARN_COMMA = YES;
				CLANG_WARN_CONSTANT_CONVERSION = YES;
				CLANG_WARN_DEPRECATED_OBJC_IMPLEMENTATIONS = YES;
				CLANG_WARN_DIRECT_OBJC_ISA_USAGE = YES_ERROR;
				CLANG_WARN_DOCUMENTATION_COMMENTS = YES;
				CLANG_WARN_EMPTY_BODY = YES;
				CLANG_WARN_ENUM_CONVERSION = YES;
				CLANG_WARN_INFINITE_RECURSION = YES;
				CLANG_WARN_INT_CONVERSION = YES;
				CLANG_WARN_NON_LITERAL_NULL_CONVERSION = YES;
				CLANG_WARN_OBJC_IMPLICIT_RETAIN_SELF = YES;
				CLANG_WARN_OBJC_LITERAL_CONVERSION = YES;
				CLANG_WARN_OBJC_ROOT_CLASS = YES_ERROR;
				CLANG_WARN_QUOTED_INCLUDE_IN_FRAMEWORK_HEADER = YES;
				CLANG_WARN_RANGE_LOOP_ANALYSIS = YES;
				CLANG_WARN_STRICT_PROTOTYPES = YES;
				CLANG_WARN_SUSPICIOUS_MOVE = YES;
				CLANG_WARN_UNGUARDED_AVAILABILITY = YES_AGGRESSIVE;
				CLANG_WARN_UNREACHABLE_CODE = YES;
				CLANG_WARN__DUPLICATE_METHOD_MATCH = YES;
				COPY_PHASE_STRIP = NO;
				DEBUG_INFORMATION_FORMAT = "dwarf-with-dsym";
				ENABLE_NS_ASSERTIONS = NO;
				ENABLE_STRICT_OBJC_MSGSEND = YES;
				GCC_C_LANGUAGE_STANDARD = gnu11;
				GCC_NO_COMMON_BLOCKS = YES;
				GCC_WARN_64_TO_32_BIT_CONVERSION = YES;
				GCC_WARN_ABOUT_RETURN_TYPE = YES_ERROR;
				GCC_WARN_UNDECLARED_SELECTOR = YES;
				GCC_WARN_UNINITIALIZED_AUTOS = YES_AGGRESSIVE;
				GCC_WARN_UNUSED_FUNCTION = YES;
				GCC_WARN_UNUSED_VARIABLE = YES;
				IPHONEOS_DEPLOYMENT_TARGET = 15.5;
				MTL_ENABLE_DEBUG_INFO = NO;
				MTL_FAST_MATH = YES;
				SDKROOT = iphoneos;
				SWIFT_COMPILATION_MODE = wholemodule;
				SWIFT_OPTIMIZATION_LEVEL = "-O";
				VALIDATE_PRODUCT = YES;
			};
			name = Release;
		};
		C42778C328609FCD000C6ABF /* Debug */ = {
			isa = XCBuildConfiguration;
			buildSettings = {
				ASSETCATALOG_COMPILER_APPICON_NAME = AppIcon;
				ASSETCATALOG_COMPILER_GLOBAL_ACCENT_COLOR_NAME = AccentColor;
				CODE_SIGN_STYLE = Automatic;
				CURRENT_PROJECT_VERSION = 1;
				DEVELOPMENT_ASSET_PATHS = "\"Developer-Cards-SwiftUI/Preview Content\"";
				DEVELOPMENT_TEAM = 5XZHHC4623;
				ENABLE_PREVIEWS = YES;
				GENERATE_INFOPLIST_FILE = YES;
				INFOPLIST_FILE = "Developer-Cards-SwiftUI/Info.plist";
				INFOPLIST_KEY_UIApplicationSceneManifest_Generation = YES;
				INFOPLIST_KEY_UIApplicationSupportsIndirectInputEvents = YES;
				INFOPLIST_KEY_UISupportedInterfaceOrientations = UIInterfaceOrientationPortrait;
				INFOPLIST_KEY_UISupportedInterfaceOrientations_iPad = "UIInterfaceOrientationPortrait UIInterfaceOrientationPortraitUpsideDown UIInterfaceOrientationLandscapeLeft UIInterfaceOrientationLandscapeRight";
				INFOPLIST_KEY_UISupportedInterfaceOrientations_iPhone = "UIInterfaceOrientationPortrait UIInterfaceOrientationLandscapeLeft UIInterfaceOrientationLandscapeRight";
				LD_RUNPATH_SEARCH_PATHS = (
					"$(inherited)",
					"@executable_path/Frameworks",
				);
				MARKETING_VERSION = 1.0;
				PRODUCT_BUNDLE_IDENTIFIER = "com.hakkicansengonul.Developer-Cards-SwiftUI";
				PRODUCT_NAME = "$(TARGET_NAME)";
				SWIFT_EMIT_LOC_STRINGS = YES;
				SWIFT_VERSION = 5.0;
				TARGETED_DEVICE_FAMILY = "1,2";
			};
			name = Debug;
		};
		C42778C428609FCD000C6ABF /* Release */ = {
			isa = XCBuildConfiguration;
			buildSettings = {
				ASSETCATALOG_COMPILER_APPICON_NAME = AppIcon;
				ASSETCATALOG_COMPILER_GLOBAL_ACCENT_COLOR_NAME = AccentColor;
				CODE_SIGN_STYLE = Automatic;
				CURRENT_PROJECT_VERSION = 1;
				DEVELOPMENT_ASSET_PATHS = "\"Developer-Cards-SwiftUI/Preview Content\"";
				DEVELOPMENT_TEAM = 5XZHHC4623;
				ENABLE_PREVIEWS = YES;
				GENERATE_INFOPLIST_FILE = YES;
				INFOPLIST_FILE = "Developer-Cards-SwiftUI/Info.plist";
				INFOPLIST_KEY_UIApplicationSceneManifest_Generation = YES;
				INFOPLIST_KEY_UIApplicationSupportsIndirectInputEvents = YES;
				INFOPLIST_KEY_UISupportedInterfaceOrientations = UIInterfaceOrientationPortrait;
				INFOPLIST_KEY_UISupportedInterfaceOrientations_iPad = "UIInterfaceOrientationPortrait UIInterfaceOrientationPortraitUpsideDown UIInterfaceOrientationLandscapeLeft UIInterfaceOrientationLandscapeRight";
				INFOPLIST_KEY_UISupportedInterfaceOrientations_iPhone = "UIInterfaceOrientationPortrait UIInterfaceOrientationLandscapeLeft UIInterfaceOrientationLandscapeRight";
				LD_RUNPATH_SEARCH_PATHS = (
					"$(inherited)",
					"@executable_path/Frameworks",
				);
				MARKETING_VERSION = 1.0;
				PRODUCT_BUNDLE_IDENTIFIER = "com.hakkicansengonul.Developer-Cards-SwiftUI";
				PRODUCT_NAME = "$(TARGET_NAME)";
				SWIFT_EMIT_LOC_STRINGS = YES;
				SWIFT_VERSION = 5.0;
				TARGETED_DEVICE_FAMILY = "1,2";
			};
			name = Release;
		};
		C42778E12860BCD7000C6ABF /* Debug */ = {
			isa = XCBuildConfiguration;
			buildSettings = {
				ASSETCATALOG_COMPILER_APPICON_NAME = "iMessage App Icon";
				CODE_SIGN_STYLE = Automatic;
				CURRENT_PROJECT_VERSION = 1;
				DEVELOPMENT_TEAM = 5XZHHC4623;
				GENERATE_INFOPLIST_FILE = YES;
				INFOPLIST_FILE = stickers/Info.plist;
				INFOPLIST_KEY_CFBundleDisplayName = "Developer-Cards-SwiftUI";
				IPHONEOS_DEPLOYMENT_TARGET = 10.0;
				MARKETING_VERSION = 1.0;
				PRODUCT_BUNDLE_IDENTIFIER = "com.hakkicansengonul.Developer-Cards-SwiftUI.stickers";
				PRODUCT_NAME = "$(TARGET_NAME)";
				SKIP_INSTALL = YES;
				SWIFT_EMIT_LOC_STRINGS = YES;
				TARGETED_DEVICE_FAMILY = "1,2";
			};
			name = Debug;
		};
		C42778E22860BCD7000C6ABF /* Release */ = {
			isa = XCBuildConfiguration;
			buildSettings = {
				ASSETCATALOG_COMPILER_APPICON_NAME = "iMessage App Icon";
				CODE_SIGN_STYLE = Automatic;
				CURRENT_PROJECT_VERSION = 1;
				DEVELOPMENT_TEAM = 5XZHHC4623;
				GENERATE_INFOPLIST_FILE = YES;
				INFOPLIST_FILE = stickers/Info.plist;
				INFOPLIST_KEY_CFBundleDisplayName = "Developer-Cards-SwiftUI";
				IPHONEOS_DEPLOYMENT_TARGET = 10.0;
				MARKETING_VERSION = 1.0;
				PRODUCT_BUNDLE_IDENTIFIER = "com.hakkicansengonul.Developer-Cards-SwiftUI.stickers";
				PRODUCT_NAME = "$(TARGET_NAME)";
				SKIP_INSTALL = YES;
				SWIFT_EMIT_LOC_STRINGS = YES;
				TARGETED_DEVICE_FAMILY = "1,2";
			};
			name = Release;
		};
/* End XCBuildConfiguration section */

/* Begin XCConfigurationList section */
		C42778AF28609FC9000C6ABF /* Build configuration list for PBXProject "Developer-Cards-SwiftUI" */ = {
			isa = XCConfigurationList;
			buildConfigurations = (
				C42778C028609FCD000C6ABF /* Debug */,
				C42778C128609FCD000C6ABF /* Release */,
			);
			defaultConfigurationIsVisible = 0;
			defaultConfigurationName = Release;
		};
		C42778C228609FCD000C6ABF /* Build configuration list for PBXNativeTarget "Developer-Cards-SwiftUI" */ = {
			isa = XCConfigurationList;
			buildConfigurations = (
				C42778C328609FCD000C6ABF /* Debug */,
				C42778C428609FCD000C6ABF /* Release */,
			);
			defaultConfigurationIsVisible = 0;
			defaultConfigurationName = Release;
		};
		C42778E02860BCD7000C6ABF /* Build configuration list for PBXNativeTarget "stickers" */ = {
			isa = XCConfigurationList;
			buildConfigurations = (
				C42778E12860BCD7000C6ABF /* Debug */,
				C42778E22860BCD7000C6ABF /* Release */,
			);
			defaultConfigurationIsVisible = 0;
			defaultConfigurationName = Release;
		};
/* End XCConfigurationList section */
	};
	rootObject = C42778AC28609FC9000C6ABF /* Project object */;
}
